
Microsoft Visual Studio Solution File, Format Version 12.00
# Visual Studio Version 17
VisualStudioVersion = 17.7.34024.191
MinimumVisualStudioVersion = 10.0.40219.1
Project("{FAE04EC0-301F-11D3-BF4B-00C04F79EFBC}") = "ConsoleApp8", "ConsoleApp8\ConsoleApp8.csproj", "{E988F821-F9E7-4DA7-AB4F-7A84E444987A}"
EndProject
Global
	GlobalSection(SolutionConfigurationPlatforms) = preSolution
		Debug|Any CPU = Debug|Any CPU
		Release|Any CPU = Release|Any CPU
	EndGlobalSection
	GlobalSection(ProjectConfigurationPlatforms) = postSolution
		{E988F821-F9E7-4DA7-AB4F-7A84E444987A}.Debug|Any CPU.ActiveCfg = Debug|Any CPU
		{E988F821-F9E7-4DA7-AB4F-7A84E444987A}.Debug|Any CPU.Build.0 = Debug|Any CPU
		{E988F821-F9E7-4DA7-AB4F-7A84E444987A}.Release|Any CPU.ActiveCfg = Release|Any CPU
		{E988F821-F9E7-4DA7-AB4F-7A84E444987A}.Release|Any CPU.Build.0 = Release|Any CPU
	EndGlobalSection
	GlobalSection(SolutionProperties) = preSolution
		HideSolutionNode = FALSE
	EndGlobalSection
	GlobalSection(ExtensibilityGlobals) = postSolution
		SolutionGuid = {8E06990A-D8DA-4DB4-A657-E5575122DCEE}
	EndGlobalSection
EndGlobal
